
Microsoft Visual Studio Solution File, Format Version 12.00
# Visual Studio Version 17
VisualStudioVersion = 17.7.34024.191
MinimumVisualStudioVersion = 10.0.40219.1
Project("{FAE04EC0-301F-11D3-BF4B-00C04F79EFBC}") = "hidegburokolo", "hidegburokolo\hidegburokolo.csproj", "{FC490F59-CF42-41EF-B98B-2DDDE867774D}"
EndProject
Global
	GlobalSection(SolutionConfigurationPlatforms) = preSolution
		Debug|Any CPU = Debug|Any CPU
		Release|Any CPU = Release|Any CPU
	EndGlobalSection
	GlobalSection(ProjectConfigurationPlatforms) = postSolution
		{FC490F59-CF42-41EF-B98B-2DDDE867774D}.Debug|Any CPU.ActiveCfg = Debug|Any CPU
		{FC490F59-CF42-41EF-B98B-2DDDE867774D}.Debug|Any CPU.Build.0 = Debug|Any CPU
		{FC490F59-CF42-41EF-B98B-2DDDE867774D}.Release|Any CPU.ActiveCfg = Release|Any CPU
		{FC490F59-CF42-41EF-B98B-2DDDE867774D}.Release|Any CPU.Build.0 = Release|Any CPU
	EndGlobalSection
	GlobalSection(SolutionProperties) = preSolution
		HideSolutionNode = FALSE
	EndGlobalSection
	GlobalSection(ExtensibilityGlobals) = postSolution
		SolutionGuid = {3532B58E-C7D0-4AC8-A90E-7E9852310717}
	EndGlobalSection
EndGlobal
